
Microsoft Visual Studio Solution File, Format Version 12.00
# Visual Studio Version 17
VisualStudioVersion = 17.5.33414.496
MinimumVisualStudioVersion = 10.0.40219.1
Project("{FAE04EC0-301F-11D3-BF4B-00C04F79EFBC}") = "Home Task 2", "Home Task 2\Home Task 2.csproj", "{929B1B21-A82E-43C8-A490-8BE8C62503E7}"
EndProject
Global
	GlobalSection(SolutionConfigurationPlatforms) = preSolution
		Debug|Any CPU = Debug|Any CPU
		Release|Any CPU = Release|Any CPU
	EndGlobalSection
	GlobalSection(ProjectConfigurationPlatforms) = postSolution
		{929B1B21-A82E-43C8-A490-8BE8C62503E7}.Debug|Any CPU.ActiveCfg = Debug|Any CPU
		{929B1B21-A82E-43C8-A490-8BE8C62503E7}.Debug|Any CPU.Build.0 = Debug|Any CPU
		{929B1B21-A82E-43C8-A490-8BE8C62503E7}.Release|Any CPU.ActiveCfg = Release|Any CPU
		{929B1B21-A82E-43C8-A490-8BE8C62503E7}.Release|Any CPU.Build.0 = Release|Any CPU
	EndGlobalSection
	GlobalSection(SolutionProperties) = preSolution
		HideSolutionNode = FALSE
	EndGlobalSection
	GlobalSection(ExtensibilityGlobals) = postSolution
		SolutionGuid = {2A8047C5-7F2E-4D78-B40B-2A450C8F4BEF}
	EndGlobalSection
EndGlobal
